
Microsoft Visual Studio Solution File, Format Version 12.00
# Visual Studio Version 16
VisualStudioVersion = 16.0.30523.141
MinimumVisualStudioVersion = 10.0.40219.1
Project("{FAE04EC0-301F-11D3-BF4B-00C04F79EFBC}") = "PT_Task2_Data", "PT_Task2_Data\PT_Task2_Data.csproj", "{E08F6913-F2AC-4F03-B52B-1D34C0B77292}"
EndProject
Project("{FAE04EC0-301F-11D3-BF4B-00C04F79EFBC}") = "PT_Task2_Services", "PT_Task2_Services\PT_Task2_Services.csproj", "{8F08B6AF-441F-467C-9E9D-1DE7DAD7A5EB}"
	ProjectSection(ProjectDependencies) = postProject
		{E08F6913-F2AC-4F03-B52B-1D34C0B77292} = {E08F6913-F2AC-4F03-B52B-1D34C0B77292}
	EndProjectSection
EndProject
Project("{FAE04EC0-301F-11D3-BF4B-00C04F79EFBC}") = "PT_Task2_ServiceTest", "PT_Task2_ServiceTest\PT_Task2_ServiceTest.csproj", "{5CC10338-3C7A-4C6E-BE7D-D020E95533EF}"
EndProject
Project("{FAE04EC0-301F-11D3-BF4B-00C04F79EFBC}") = "PT_Task2_Presentation_View", "PT_Task2_Presentation_View\PT_Task2_Presentation_View.csproj", "{221A03AE-CC9E-4110-BDB1-38256C033AA3}"
EndProject
Project("{FAE04EC0-301F-11D3-BF4B-00C04F79EFBC}") = "PT_Task2_Presentation_ViewModel", "PT_Task2_Presentation\PT_Task2_Presentation_ViewModel.csproj", "{E78E052B-817A-40AC-BACA-99E5B931A802}"
EndProject
Project("{FAE04EC0-301F-11D3-BF4B-00C04F79EFBC}") = "PT_Task2_Presentation_Model", "PT_Task2_Presentation_Model\PT_Task2_Presentation_Model.csproj", "{B8ABCD76-8BAA-4ED7-88CB-3A58E6EFA48B}"
EndProject
Project("{FAE04EC0-301F-11D3-BF4B-00C04F79EFBC}") = "PT_Task2_PresentationTest", "PT_Task2_PresentationTest\PT_Task2_PresentationTest.csproj", "{F57222FC-B398-475C-9835-4BEAE41736C3}"
	ProjectSection(ProjectDependencies) = postProject
		{E78E052B-817A-40AC-BACA-99E5B931A802} = {E78E052B-817A-40AC-BACA-99E5B931A802}
		{B8ABCD76-8BAA-4ED7-88CB-3A58E6EFA48B} = {B8ABCD76-8BAA-4ED7-88CB-3A58E6EFA48B}
	EndProjectSection
EndProject
Global
	GlobalSection(SolutionConfigurationPlatforms) = preSolution
		Debug|Any CPU = Debug|Any CPU
		Release|Any CPU = Release|Any CPU
	EndGlobalSection
	GlobalSection(ProjectConfigurationPlatforms) = postSolution
		{E08F6913-F2AC-4F03-B52B-1D34C0B77292}.Debug|Any CPU.ActiveCfg = Debug|Any CPU
		{E08F6913-F2AC-4F03-B52B-1D34C0B77292}.Debug|Any CPU.Build.0 = Debug|Any CPU
		{E08F6913-F2AC-4F03-B52B-1D34C0B77292}.Release|Any CPU.ActiveCfg = Release|Any CPU
		{E08F6913-F2AC-4F03-B52B-1D34C0B77292}.Release|Any CPU.Build.0 = Release|Any CPU
		{8F08B6AF-441F-467C-9E9D-1DE7DAD7A5EB}.Debug|Any CPU.ActiveCfg = Debug|Any CPU
		{8F08B6AF-441F-467C-9E9D-1DE7DAD7A5EB}.Debug|Any CPU.Build.0 = Debug|Any CPU
		{8F08B6AF-441F-467C-9E9D-1DE7DAD7A5EB}.Release|Any CPU.ActiveCfg = Release|Any CPU
		{8F08B6AF-441F-467C-9E9D-1DE7DAD7A5EB}.Release|Any CPU.Build.0 = Release|Any CPU
		{5CC10338-3C7A-4C6E-BE7D-D020E95533EF}.Debug|Any CPU.ActiveCfg = Debug|Any CPU
		{5CC10338-3C7A-4C6E-BE7D-D020E95533EF}.Debug|Any CPU.Build.0 = Debug|Any CPU
		{5CC10338-3C7A-4C6E-BE7D-D020E95533EF}.Release|Any CPU.ActiveCfg = Release|Any CPU
		{5CC10338-3C7A-4C6E-BE7D-D020E95533EF}.Release|Any CPU.Build.0 = Release|Any CPU
		{221A03AE-CC9E-4110-BDB1-38256C033AA3}.Debug|Any CPU.ActiveCfg = Debug|Any CPU
		{221A03AE-CC9E-4110-BDB1-38256C033AA3}.Debug|Any CPU.Build.0 = Debug|Any CPU
		{221A03AE-CC9E-4110-BDB1-38256C033AA3}.Release|Any CPU.ActiveCfg = Release|Any CPU
		{221A03AE-CC9E-4110-BDB1-38256C033AA3}.Release|Any CPU.Build.0 = Release|Any CPU
		{E78E052B-817A-40AC-BACA-99E5B931A802}.Debug|Any CPU.ActiveCfg = Debug|Any CPU
		{E78E052B-817A-40AC-BACA-99E5B931A802}.Debug|Any CPU.Build.0 = Debug|Any CPU
		{E78E052B-817A-40AC-BACA-99E5B931A802}.Release|Any CPU.ActiveCfg = Release|Any CPU
		{E78E052B-817A-40AC-BACA-99E5B931A802}.Release|Any CPU.Build.0 = Release|Any CPU
		{B8ABCD76-8BAA-4ED7-88CB-3A58E6EFA48B}.Debug|Any CPU.ActiveCfg = Debug|Any CPU
		{B8ABCD76-8BAA-4ED7-88CB-3A58E6EFA48B}.Debug|Any CPU.Build.0 = Debug|Any CPU
		{B8ABCD76-8BAA-4ED7-88CB-3A58E6EFA48B}.Release|Any CPU.ActiveCfg = Release|Any CPU
		{B8ABCD76-8BAA-4ED7-88CB-3A58E6EFA48B}.Release|Any CPU.Build.0 = Release|Any CPU
		{F57222FC-B398-475C-9835-4BEAE41736C3}.Debug|Any CPU.ActiveCfg = Debug|Any CPU
		{F57222FC-B398-475C-9835-4BEAE41736C3}.Debug|Any CPU.Build.0 = Debug|Any CPU
		{F57222FC-B398-475C-9835-4BEAE41736C3}.Release|Any CPU.ActiveCfg = Release|Any CPU
		{F57222FC-B398-475C-9835-4BEAE41736C3}.Release|Any CPU.Build.0 = Release|Any CPU
	EndGlobalSection
	GlobalSection(SolutionProperties) = preSolution
		HideSolutionNode = FALSE
	EndGlobalSection
	GlobalSection(ExtensibilityGlobals) = postSolution
		SolutionGuid = {C1E94364-29ED-460A-9B04-9463B2AD3316}
	EndGlobalSection
EndGlobal
